
Microsoft Visual Studio Solution File, Format Version 12.00
# Visual Studio Version 17
VisualStudioVersion = 17.3.32901.215
MinimumVisualStudioVersion = 10.0.40219.1
Project("{FAE04EC0-301F-11D3-BF4B-00C04F79EFBC}") = "Grading_System", "Grading_System\Grading_System.csproj", "{1E420BF6-63B0-48BE-A304-933431DF9A19}"
EndProject
Global
	GlobalSection(SolutionConfigurationPlatforms) = preSolution
		Debug|Any CPU = Debug|Any CPU
		Release|Any CPU = Release|Any CPU
	EndGlobalSection
	GlobalSection(ProjectConfigurationPlatforms) = postSolution
		{1E420BF6-63B0-48BE-A304-933431DF9A19}.Debug|Any CPU.ActiveCfg = Debug|Any CPU
		{1E420BF6-63B0-48BE-A304-933431DF9A19}.Debug|Any CPU.Build.0 = Debug|Any CPU
		{1E420BF6-63B0-48BE-A304-933431DF9A19}.Release|Any CPU.ActiveCfg = Release|Any CPU
		{1E420BF6-63B0-48BE-A304-933431DF9A19}.Release|Any CPU.Build.0 = Release|Any CPU
	EndGlobalSection
	GlobalSection(SolutionProperties) = preSolution
		HideSolutionNode = FALSE
	EndGlobalSection
	GlobalSection(ExtensibilityGlobals) = postSolution
		SolutionGuid = {B56042BF-1FD3-4E47-ABF3-86F258112765}
	EndGlobalSection
EndGlobal
